
Microsoft Visual Studio Solution File, Format Version 12.00
# Visual Studio Version 16
VisualStudioVersion = 16.0.31321.278
MinimumVisualStudioVersion = 10.0.40219.1
Project("{FAE04EC0-301F-11D3-BF4B-00C04F79EFBC}") = "sdPBR-WFMaterialGenerator", "sdPBR-WFMaterialGenerator\sdPBR-WFMaterialGenerator.csproj", "{4304F048-26C7-40BC-A5FB-5D18D147DD7F}"
EndProject
Global
	GlobalSection(SolutionConfigurationPlatforms) = preSolution
		Debug|Any CPU = Debug|Any CPU
		Release|Any CPU = Release|Any CPU
	EndGlobalSection
	GlobalSection(ProjectConfigurationPlatforms) = postSolution
		{4304F048-26C7-40BC-A5FB-5D18D147DD7F}.Debug|Any CPU.ActiveCfg = Debug|Any CPU
		{4304F048-26C7-40BC-A5FB-5D18D147DD7F}.Debug|Any CPU.Build.0 = Debug|Any CPU
		{4304F048-26C7-40BC-A5FB-5D18D147DD7F}.Release|Any CPU.ActiveCfg = Release|Any CPU
		{4304F048-26C7-40BC-A5FB-5D18D147DD7F}.Release|Any CPU.Build.0 = Release|Any CPU
	EndGlobalSection
	GlobalSection(SolutionProperties) = preSolution
		HideSolutionNode = FALSE
	EndGlobalSection
	GlobalSection(ExtensibilityGlobals) = postSolution
		SolutionGuid = {F62279F7-4F4A-426C-B1B1-2686A83E284D}
	EndGlobalSection
EndGlobal
